
Microsoft Visual Studio Solution File, Format Version 12.00
# Visual Studio 14
VisualStudioVersion = 14.0.25420.1
MinimumVisualStudioVersion = 10.0.40219.1
Project("{FAE04EC0-301F-11D3-BF4B-00C04F79EFBC}") = "ProjectWebService", "ProjectWebService\ProjectWebService.csproj", "{0AE22D53-F192-4CBC-BE03-79AC54591C73}"
EndProject
Project("{FAE04EC0-301F-11D3-BF4B-00C04F79EFBC}") = "UsizoConsoleClient", "UsizoConsoleClient\UsizoConsoleClient.csproj", "{9327518C-AE79-4B06-B736-477864C0055D}"
EndProject
Global
	GlobalSection(SolutionConfigurationPlatforms) = preSolution
		Debug|Any CPU = Debug|Any CPU
		Release|Any CPU = Release|Any CPU
	EndGlobalSection
	GlobalSection(ProjectConfigurationPlatforms) = postSolution
		{0AE22D53-F192-4CBC-BE03-79AC54591C73}.Debug|Any CPU.ActiveCfg = Debug|Any CPU
		{0AE22D53-F192-4CBC-BE03-79AC54591C73}.Debug|Any CPU.Build.0 = Debug|Any CPU
		{0AE22D53-F192-4CBC-BE03-79AC54591C73}.Release|Any CPU.ActiveCfg = Release|Any CPU
		{0AE22D53-F192-4CBC-BE03-79AC54591C73}.Release|Any CPU.Build.0 = Release|Any CPU
		{9327518C-AE79-4B06-B736-477864C0055D}.Debug|Any CPU.ActiveCfg = Debug|Any CPU
		{9327518C-AE79-4B06-B736-477864C0055D}.Debug|Any CPU.Build.0 = Debug|Any CPU
		{9327518C-AE79-4B06-B736-477864C0055D}.Release|Any CPU.ActiveCfg = Release|Any CPU
		{9327518C-AE79-4B06-B736-477864C0055D}.Release|Any CPU.Build.0 = Release|Any CPU
	EndGlobalSection
	GlobalSection(SolutionProperties) = preSolution
		HideSolutionNode = FALSE
	EndGlobalSection
EndGlobal
